# THIS IS AN AUTOGENERATED FILE. DO NOT EDIT THIS FILE DIRECTLY.
# yarn lockfile v1


lodash@^4.17.11:
  version "4.17.11"
  resolved "https://registry.yarnpkg.com/lodash/-/lodash-4.17.11.tgz#b39ea6229ef607ecd89e2c8df12536891cac9b8d"
  integrity sha512-cQKh8igo5QUhZ7lg38DYWAxMvjSAKG0A8wGSVimP07SIUEK2UO+arSRKbRZWtelMtN5V0Hkwh5ryOto/SshYIg==

sg0@^0.9.1:
  version "0.9.1"
  resolved "https://registry.yarnpkg.com/sg0/-/sg0-0.9.1.tgz#6d9e928004f5988a787db13ad54d59637d13dfa2"
  integrity sha512-JrV1I1sE9k9VGCDyZ40N/cVJe1l5Grmkb0PJumOdy5rx+vc0XZ+LrUse+U9OBIhxstRdP8afjdkbk11JkPtyHg==
  dependencies:
    lodash "^4.17.11"
